
Microsoft Visual Studio Solution File, Format Version 12.00
# Visual Studio 15
VisualStudioVersion = 15.0.26730.8
MinimumVisualStudioVersion = 10.0.40219.1
Project("{FAE04EC0-301F-11D3-BF4B-00C04F79EFBC}") = "Ejercicio01", "Ejercicio01\Ejercicio01.csproj", "{1FB0F77B-B00B-461C-AC1E-739F41005885}"
EndProject
Global
	GlobalSection(SolutionConfigurationPlatforms) = preSolution
		Debug|Any CPU = Debug|Any CPU
		Release|Any CPU = Release|Any CPU
	EndGlobalSection
	GlobalSection(ProjectConfigurationPlatforms) = postSolution
		{1FB0F77B-B00B-461C-AC1E-739F41005885}.Debug|Any CPU.ActiveCfg = Debug|Any CPU
		{1FB0F77B-B00B-461C-AC1E-739F41005885}.Debug|Any CPU.Build.0 = Debug|Any CPU
		{1FB0F77B-B00B-461C-AC1E-739F41005885}.Release|Any CPU.ActiveCfg = Release|Any CPU
		{1FB0F77B-B00B-461C-AC1E-739F41005885}.Release|Any CPU.Build.0 = Release|Any CPU
	EndGlobalSection
	GlobalSection(SolutionProperties) = preSolution
		HideSolutionNode = FALSE
	EndGlobalSection
	GlobalSection(ExtensibilityGlobals) = postSolution
		SolutionGuid = {10037FE9-0D65-4279-90D2-1A5BD496FFD3}
	EndGlobalSection
EndGlobal
